schema: '2.0'
stages:
  split:
    cmd: python src/data/split.py
    deps:
    - path: data/raw/raw.csv
      hash: md5
      md5: 617b56af2992376d5c3e91ad80823898
      size: 333757
    - path: src/data/split.py
      hash: md5
      md5: 8fc42babb3e4aac65c45229118131a3f
      size: 699
    outs:
    - path: data/processed/X_test.csv
      hash: md5
      md5: 3683b6b67454edac5b76948ed6d7eaf8
      size: 59834
    - path: data/processed/X_train.csv
      hash: md5
      md5: b101407ca5ef72131102f44eb36bc1f2
      size: 238608
    - path: data/processed/y_test.csv
      hash: md5
      md5: 8976f7c0d83d884ff54858660ecf2ab6
      size: 6540
    - path: data/processed/y_train.csv
      hash: md5
      md5: 6c707d524478c58caccc0294f0bf886e
      size: 25867
  viz_split:
    cmd: python src/data/help_viz_split.py
    deps:
    - path: data/processed/X_test.csv
      hash: md5
      md5: 3683b6b67454edac5b76948ed6d7eaf8
      size: 59834
    - path: data/processed/X_train.csv
      hash: md5
      md5: b101407ca5ef72131102f44eb36bc1f2
      size: 238608
    - path: src/data/help_viz_split.py
      hash: md5
      md5: 3afdb765c18a1491a1b43f5cf104ead8
      size: 805
    outs:
    - path: metrics/y_distribution.png
      hash: md5
      md5: 270b349b0d74d87915e1e5fc6b2b116a
      size: 15187
  scale:
    cmd: python src/data/scale.py
    deps:
    - path: data/processed/X_test.csv
      hash: md5
      md5: 3683b6b67454edac5b76948ed6d7eaf8
      size: 59834
    - path: data/processed/X_train.csv
      hash: md5
      md5: b101407ca5ef72131102f44eb36bc1f2
      size: 238608
    - path: src/data/scale.py
      hash: md5
      md5: 16dc891d586eeeb2d4a9b24c5cee2998
      size: 853
    outs:
    - path: data/processed/X_test_scaled.csv
      hash: md5
      md5: f8213377829e63cbd32ec17adc9e454c
      size: 57016
    - path: data/processed/X_train_scaled.csv
      hash: md5
      md5: 1177d180a8a69f63ae9f86b7e88b233a
      size: 227315
  grid_search:
    cmd: python src/models/grid_search.py
    deps:
    - path: data/processed/X_train_scaled.csv
      hash: md5
      md5: 1177d180a8a69f63ae9f86b7e88b233a
      size: 227315
    - path: data/processed/y_train.csv
      hash: md5
      md5: 6c707d524478c58caccc0294f0bf886e
      size: 25867
    - path: src/models/grid_search.py
      hash: md5
      md5: 424cfa9ae3e7d80c0d5feb41960a6c9b
      size: 804
    outs:
    - path: models/best_params.pkl
      hash: md5
      md5: f3090686cf78262bbaac2ae67d69c6d3
      size: 69
  train_model:
    cmd: python src/models/training.py
    deps:
    - path: data/processed/X_train_scaled.csv
      hash: md5
      md5: 1177d180a8a69f63ae9f86b7e88b233a
      size: 227315
    - path: data/processed/y_train.csv
      hash: md5
      md5: 6c707d524478c58caccc0294f0bf886e
      size: 25867
    - path: models/best_params.pkl
      hash: md5
      md5: f3090686cf78262bbaac2ae67d69c6d3
      size: 69
    - path: src/models/training.py
      hash: md5
      md5: 4b8327d48bedce66b79b08ccfbacc069
      size: 947
    outs:
    - path: models/trained_model.pkl
      hash: md5
      md5: 62f98b09a82eb7a5fc50052bee37a167
      size: 130054385
  evaluate_model:
    cmd: python src/models/evaluate_model.py
    deps:
    - path: data/processed/X_test_scaled.csv
      hash: md5
      md5: f8213377829e63cbd32ec17adc9e454c
      size: 57016
    - path: data/processed/y_test.csv
      hash: md5
      md5: 8976f7c0d83d884ff54858660ecf2ab6
      size: 6540
    - path: models/trained_model.pkl
      hash: md5
      md5: 62f98b09a82eb7a5fc50052bee37a167
      size: 130054385
    - path: src/models/evaluate_model.py
      hash: md5
      md5: 0aa9d958ce3be3b7e26f00f51bb00c73
      size: 818
    outs:
    - path: data/processed/predictions.csv
      hash: md5
      md5: c69acfca446ba31baebe75e9494ae272
      size: 69573
    - path: metrics/scores.json
      hash: md5
      md5: d13b02c69a32e38e43e5f9c118472510
      size: 64
